{
  "version": 4,
  "terraform_version": "1.1.3",
  "serial": 710,
  "lineage": "17f67086-b085-972e-87cf-b594fca01cf3",
  "outputs": {},
  "resources": [
    {
      "mode": "data",
      "type": "aws_availability_zones",
      "name": "available",
      "provider": "provider[\"registry.terraform.io/hashicorp/aws\"]",
      "instances": [
        {
          "schema_version": 0,
          "attributes": {
            "all_availability_zones": null,
            "exclude_names": null,
            "exclude_zone_ids": null,
            "filter": null,
            "group_names": [
              "us-east-1"
            ],
            "id": "us-east-1",
            "names": [
              "us-east-1a",
              "us-east-1b",
              "us-east-1c",
              "us-east-1d",
              "us-east-1e",
              "us-east-1f"
            ],
            "state": null,
            "zone_ids": [
              "use1-az1",
              "use1-az2",
              "use1-az4",
              "use1-az6",
              "use1-az3",
              "use1-az5"
            ]
          },
          "sensitive_attributes": []
        }
      ]
    },
    {
      "mode": "data",
      "type": "aws_eks_cluster",
      "name": "cluster",
      "provider": "provider[\"registry.terraform.io/hashicorp/aws\"]",
      "instances": [
        {
          "schema_version": 0,
          "attributes": {
            "arn": "arn:aws:eks:us-east-1:272435851616:cluster/alpha",
            "certificate_authority": [
              {
                "data": "LS0tLS1CRUdJTiBDRVJUSUZJQ0FURS0tLS0tCk1JSUM1ekNDQWMrZ0F3SUJBZ0lCQURBTkJna3Foa2lHOXcwQkFRc0ZBREFWTVJNd0VRWURWUVFERXdwcmRXSmwKY201bGRHVnpNQjRYRFRJeU1ESXdNakV3TVRnME1sb1hEVE15TURFek1URXdNVGcwTWxvd0ZURVRNQkVHQTFVRQpBeE1LYTNWaVpYSnVaWFJsY3pDQ0FTSXdEUVlKS29aSWh2Y05BUUVCQlFBRGdnRVBBRENDQVFvQ2dnRUJBT1NSCkdhYkFqUWQwNm5ObWl3MTFKVDFFVkdRejcxcXVUTzcxa25kY2xXV3dQRXJxTUxRNXQveXNFZDJCdy81bC9uelIKZzJGam05RHRYZEEwcCtLNW1GK2l1a2lvMDlrU1FsU1c0cTNwYUI3MnM0bUZ3a2dFaFhyYXRrNUxmclBkenFhbQo5L1V5R3puKzFVTnJRVThIaE5kVVlEY05Jb09aV3dGcng5Wmxva1NXMDdidUJHbnFQd05PajRaSzlsVDJaODk5ClpKNUpXMzc5NCtzZHI3NlJ1SkdHeEZLekQyM3R5Yy9PQ3FNbDJTSE9jNjltL3F0WkZQMFZLRmVsTUFnbFFlS3YKK1ljWXpwSzB3M2x0RHJkV0hua0lZQ0pnNW93MlVubU00cy82VUNWOHF0MnRjclIrYlhFUUxpVDdnSXA1bk85WQpBMG94WnpnN0NDcUJjOUZHZCtjQ0F3RUFBYU5DTUVBd0RnWURWUjBQQVFIL0JBUURBZ0trTUE4R0ExVWRFd0VCCi93UUZNQU1CQWY4d0hRWURWUjBPQkJZRUZMaTBvRGJ6OE45NWxQeml6ODc5cU05akdVdUFNQTBHQ1NxR1NJYjMKRFFFQkN3VUFBNElCQVFEUHNSTmxZQ204azcxNFVNd1BZRzRBQW85Umx1VkxnbGZwdTUxTUIrS3dVbWo0SHVuOApYSjFSTktGM0xkeDFVU0w3WmJxMEg3MDEwZzV0SmRwR1F2ekJtZkppR205ZjFUSFVLOE55TG1YajNubEZrTlJsCkpXWFFXRkRpb2c3b1VxVFcwbkl6UW5GK3RhVnlSc1AyR1FSVGFPbU0rckp6aWFQKzE3dUhQVE5acnJaTE1pMVoKdmJtcjY3eE90aXpVcm9UQ0QwbHZQb2ltSDIvdGpMNHloSUErUDR6WDBZYmhoS1dBcEpuV0RrdlZQVmZ4RERHVwpxRXQ1QzRBbWlNbjJQNVpxOFU3VzRVN1VIU2RuMnl1SmlQWjBobmtOOFNQditCL1BQTjhCTGNmbjI1eVhYQWsrClZFUExvek43U2l3WURLQjJubkdEcmlZTmhLSS9xRkp3WG5mTAotLS0tLUVORCBDRVJUSUZJQ0FURS0tLS0tCg=="
              }
            ],
            "created_at": "2022-02-02 10:12:02.836 +0000 UTC",
            "enabled_cluster_log_types": [],
            "endpoint": "https://08BA69B4F30D0EB8D43FADEBAFFE2156.gr7.us-east-1.eks.amazonaws.com",
            "id": "alpha",
            "identity": [
              {
                "oidc": [
                  {
                    "issuer": "https://oidc.eks.us-east-1.amazonaws.com/id/08BA69B4F30D0EB8D43FADEBAFFE2156"
                  }
                ]
              }
            ],
            "kubernetes_network_config": [
              {
                "service_ipv4_cidr": "172.20.0.0/16"
              }
            ],
            "name": "alpha",
            "platform_version": "eks.4",
            "role_arn": "arn:aws:iam::272435851616:role/alpha-role",
            "status": "ACTIVE",
            "tags": {},
            "version": "1.21",
            "vpc_config": [
              {
                "cluster_security_group_id": "sg-01da048fc8c703f54",
                "endpoint_private_access": false,
                "endpoint_public_access": true,
                "public_access_cidrs": [
                  "0.0.0.0/0"
                ],
                "security_group_ids": [],
                "subnet_ids": [
                  "subnet-006f12b3cefe455e8",
                  "subnet-0584cadd1e3009899",
                  "subnet-0b07fa031a39ea871"
                ],
                "vpc_id": "vpc-03267da790f718890"
              }
            ]
          },
          "sensitive_attributes": []
        }
      ]
    },
    {
      "mode": "data",
      "type": "aws_eks_cluster_auth",
      "name": "cluster",
      "provider": "provider[\"registry.terraform.io/hashicorp/aws\"]",
      "instances": [
        {
          "schema_version": 0,
          "attributes": {
            "id": "alpha",
            "name": "alpha",
            "token": "k8s-aws-v1.aHR0cHM6Ly9zdHMuYW1hem9uYXdzLmNvbS8_QWN0aW9uPUdldENhbGxlcklkZW50aXR5JlZlcnNpb249MjAxMS0wNi0xNSZYLUFtei1BbGdvcml0aG09QVdTNC1ITUFDLVNIQTI1NiZYLUFtei1DcmVkZW50aWFsPUFTSUFUNjNUUkdGUUZUN1hLTUlHJTJGMjAyMjAyMDIlMkZ1cy1lYXN0LTElMkZzdHMlMkZhd3M0X3JlcXVlc3QmWC1BbXotRGF0ZT0yMDIyMDIwMlQxMTQ5NDZaJlgtQW16LUV4cGlyZXM9MCZYLUFtei1TZWN1cml0eS1Ub2tlbj1Gd29HWlhJdllYZHpFRElhRExFSG5QbW05M2ZtaFFmSHVDS0dBaXp5akklMkZXR2RCRCUyRnZlZTVFdEFsUFQ1QXF4TDAxR0hDbm5vVXU1WXI1UktCalQ3cEFURXplSnZ5Tmh6NEpKcjJNVVclMkZ4WUxZJTJCViUyRno1aENUVXNNWTVRQjVnWHVLOWxPUmVTSWQlMkJ4ZVZuMHZoek5lSk9MMG96RjZaMzNTSmNVRDZsa0huS2F2TDFUaHgzbk90YTdhT3JCNkRnWG1EakMlMkJ3MVQ1YXhhTExiRE9VZmZFQ1FUb2pZQ0JUVCUyQmd2cGZwa01yYlRBdWNGNGUyNDg2MkFtbkMyR1FtUlFERm1HRzNibjdDRThCWGlqYXU0eTlkcEJKejFBSk1jaHFOTEx0bmtFd0ljQlJOUHJFSVhTaldlTHdhN2FxSHVGRkRuZnhPOEh3ZCUyRjB6Z3BYVWNOMU4zZyUyQkFzOExZSHdJenlLWmZrMXRxdWo2NDlQdm9iR2RxclVvdFRmMVRCUzdpM2olMkZBbyUyQjRMcGp3WXlNaW1XamZCTzhEbTNXUjJRd2lMWkM4UiUyRmFrR2FyJTJCd1ZWSDdsS2ZnMlIlMkZOcjZOeWZyJTJGeUpGaiUyQnY3eE5NTyUyQnlZbU8xVCZYLUFtei1TaWduZWRIZWFkZXJzPWhvc3QlM0J4LWs4cy1hd3MtaWQmWC1BbXotU2lnbmF0dXJlPWNhZDgyODEwYzNiYjQ0NmVlNzdkNjFjYzNmZjQxZjY4YmE4MTU2ZDBhNDdmODE0ZTEzOTdiOGNmOGQxMWIyMjY"
          },
          "sensitive_attributes": []
        }
      ]
    },
    {
      "mode": "managed",
      "type": "aws_eks_cluster",
      "name": "cluster",
      "provider": "provider[\"registry.terraform.io/hashicorp/aws\"]",
      "instances": [
        {
          "schema_version": 0,
          "attributes": {
            "arn": "arn:aws:eks:us-east-1:272435851616:cluster/alpha",
            "certificate_authority": [
              {
                "data": "LS0tLS1CRUdJTiBDRVJUSUZJQ0FURS0tLS0tCk1JSUM1ekNDQWMrZ0F3SUJBZ0lCQURBTkJna3Foa2lHOXcwQkFRc0ZBREFWTVJNd0VRWURWUVFERXdwcmRXSmwKY201bGRHVnpNQjRYRFRJeU1ESXdNakV3TVRnME1sb1hEVE15TURFek1URXdNVGcwTWxvd0ZURVRNQkVHQTFVRQpBeE1LYTNWaVpYSnVaWFJsY3pDQ0FTSXdEUVlKS29aSWh2Y05BUUVCQlFBRGdnRVBBRENDQVFvQ2dnRUJBT1NSCkdhYkFqUWQwNm5ObWl3MTFKVDFFVkdRejcxcXVUTzcxa25kY2xXV3dQRXJxTUxRNXQveXNFZDJCdy81bC9uelIKZzJGam05RHRYZEEwcCtLNW1GK2l1a2lvMDlrU1FsU1c0cTNwYUI3MnM0bUZ3a2dFaFhyYXRrNUxmclBkenFhbQo5L1V5R3puKzFVTnJRVThIaE5kVVlEY05Jb09aV3dGcng5Wmxva1NXMDdidUJHbnFQd05PajRaSzlsVDJaODk5ClpKNUpXMzc5NCtzZHI3NlJ1SkdHeEZLekQyM3R5Yy9PQ3FNbDJTSE9jNjltL3F0WkZQMFZLRmVsTUFnbFFlS3YKK1ljWXpwSzB3M2x0RHJkV0hua0lZQ0pnNW93MlVubU00cy82VUNWOHF0MnRjclIrYlhFUUxpVDdnSXA1bk85WQpBMG94WnpnN0NDcUJjOUZHZCtjQ0F3RUFBYU5DTUVBd0RnWURWUjBQQVFIL0JBUURBZ0trTUE4R0ExVWRFd0VCCi93UUZNQU1CQWY4d0hRWURWUjBPQkJZRUZMaTBvRGJ6OE45NWxQeml6ODc5cU05akdVdUFNQTBHQ1NxR1NJYjMKRFFFQkN3VUFBNElCQVFEUHNSTmxZQ204azcxNFVNd1BZRzRBQW85Umx1VkxnbGZwdTUxTUIrS3dVbWo0SHVuOApYSjFSTktGM0xkeDFVU0w3WmJxMEg3MDEwZzV0SmRwR1F2ekJtZkppR205ZjFUSFVLOE55TG1YajNubEZrTlJsCkpXWFFXRkRpb2c3b1VxVFcwbkl6UW5GK3RhVnlSc1AyR1FSVGFPbU0rckp6aWFQKzE3dUhQVE5acnJaTE1pMVoKdmJtcjY3eE90aXpVcm9UQ0QwbHZQb2ltSDIvdGpMNHloSUErUDR6WDBZYmhoS1dBcEpuV0RrdlZQVmZ4RERHVwpxRXQ1QzRBbWlNbjJQNVpxOFU3VzRVN1VIU2RuMnl1SmlQWjBobmtOOFNQditCL1BQTjhCTGNmbjI1eVhYQWsrClZFUExvek43U2l3WURLQjJubkdEcmlZTmhLSS9xRkp3WG5mTAotLS0tLUVORCBDRVJUSUZJQ0FURS0tLS0tCg=="
              }
            ],
            "created_at": "2022-02-02 10:12:02.836 +0000 UTC",
            "enabled_cluster_log_types": [],
            "encryption_config": [],
            "endpoint": "https://08BA69B4F30D0EB8D43FADEBAFFE2156.gr7.us-east-1.eks.amazonaws.com",
            "id": "alpha",
            "identity": [
              {
                "oidc": [
                  {
                    "issuer": "https://oidc.eks.us-east-1.amazonaws.com/id/08BA69B4F30D0EB8D43FADEBAFFE2156"
                  }
                ]
              }
            ],
            "kubernetes_network_config": [
              {
                "service_ipv4_cidr": "172.20.0.0/16"
              }
            ],
            "name": "alpha",
            "platform_version": "eks.4",
            "role_arn": "arn:aws:iam::272435851616:role/alpha-role",
            "status": "ACTIVE",
            "tags": {},
            "tags_all": {},
            "timeouts": null,
            "version": "1.21",
            "vpc_config": [
              {
                "cluster_security_group_id": "sg-01da048fc8c703f54",
                "endpoint_private_access": false,
                "endpoint_public_access": true,
                "public_access_cidrs": [
                  "0.0.0.0/0"
                ],
                "security_group_ids": [],
                "subnet_ids": [
                  "subnet-006f12b3cefe455e8",
                  "subnet-0584cadd1e3009899",
                  "subnet-0b07fa031a39ea871"
                ],
                "vpc_id": "vpc-03267da790f718890"
              }
            ]
          },
          "sensitive_attributes": [],
          "private": "eyJlMmJmYjczMC1lY2FhLTExZTYtOGY4OC0zNDM2M2JjN2M0YzAiOnsiY3JlYXRlIjoxODAwMDAwMDAwMDAwLCJkZWxldGUiOjkwMDAwMDAwMDAwMCwidXBkYXRlIjozNjAwMDAwMDAwMDAwfX0=",
          "dependencies": [
            "aws_iam_role_policy_attachment.AmazonEKSVPCResourceController",
            "data.aws_availability_zones.available",
            "module.vpc.aws_subnet.private",
            "module.vpc.aws_vpc.this",
            "module.vpc.aws_vpc_ipv4_cidr_block_association.this",
            "aws_iam_role.clusterRole",
            "aws_iam_role_policy_attachment.AmazonEKSClusterPolicy"
          ]
        }
      ]
    },
    {
      "mode": "managed",
      "type": "aws_iam_role",
      "name": "clusterRole",
      "provider": "provider[\"registry.terraform.io/hashicorp/aws\"]",
      "instances": [
        {
          "schema_version": 0,
          "attributes": {
            "arn": "arn:aws:iam::272435851616:role/alpha-role",
            "assume_role_policy": "{\"Version\":\"2012-10-17\",\"Statement\":[{\"Effect\":\"Allow\",\"Principal\":{\"Service\":\"eks.amazonaws.com\"},\"Action\":\"sts:AssumeRole\"}]}",
            "create_date": "2022-02-02T10:11:31Z",
            "description": "",
            "force_detach_policies": false,
            "id": "alpha-role",
            "inline_policy": [
              {
                "name": "",
                "policy": ""
              }
            ],
            "managed_policy_arns": [
              "arn:aws:iam::aws:policy/AmazonEKSClusterPolicy",
              "arn:aws:iam::aws:policy/AmazonEKSVPCResourceController"
            ],
            "max_session_duration": 3600,
            "name": "alpha-role",
            "name_prefix": "",
            "path": "/",
            "permissions_boundary": null,
            "tags": {},
            "tags_all": {},
            "unique_id": "AROAT63TRGFQDIZSOV7DK"
          },
          "sensitive_attributes": [],
          "private": "bnVsbA=="
        }
      ]
    },
    {
      "mode": "managed",
      "type": "aws_iam_role_policy_attachment",
      "name": "AmazonEKSClusterPolicy",
      "provider": "provider[\"registry.terraform.io/hashicorp/aws\"]",
      "instances": [
        {
          "schema_version": 0,
          "attributes": {
            "id": "alpha-role-20220202101137214200000005",
            "policy_arn": "arn:aws:iam::aws:policy/AmazonEKSClusterPolicy",
            "role": "alpha-role"
          },
          "sensitive_attributes": [],
          "private": "bnVsbA==",
          "dependencies": [
            "aws_iam_role.clusterRole"
          ]
        }
      ]
    },
    {
      "mode": "managed",
      "type": "aws_iam_role_policy_attachment",
      "name": "AmazonEKSVPCResourceController",
      "provider": "provider[\"registry.terraform.io/hashicorp/aws\"]",
      "instances": [
        {
          "schema_version": 0,
          "attributes": {
            "id": "alpha-role-20220202101137172300000004",
            "policy_arn": "arn:aws:iam::aws:policy/AmazonEKSVPCResourceController",
            "role": "alpha-role"
          },
          "sensitive_attributes": [],
          "private": "bnVsbA==",
          "dependencies": [
            "aws_iam_role.clusterRole"
          ]
        }
      ]
    },
    {
      "mode": "managed",
      "type": "kubernetes_namespace",
      "name": "namespace",
      "provider": "provider[\"registry.terraform.io/hashicorp/kubernetes\"]",
      "instances": [
        {
          "schema_version": 0,
          "attributes": {
            "id": "demo-namespace",
            "metadata": [
              {
                "annotations": {},
                "generate_name": "",
                "generation": 0,
                "labels": {},
                "name": "demo-namespace",
                "resource_version": "889",
                "uid": "ade59c45-8ca8-4530-a061-957a84f9f24f"
              }
            ],
            "timeouts": null
          },
          "sensitive_attributes": [],
          "private": "eyJlMmJmYjczMC1lY2FhLTExZTYtOGY4OC0zNDM2M2JjN2M0YzAiOnsiZGVsZXRlIjozMDAwMDAwMDAwMDB9fQ==",
          "dependencies": [
            "data.aws_eks_cluster.cluster",
            "data.aws_eks_cluster_auth.cluster",
            "aws_iam_role.clusterRole",
            "aws_iam_role_policy_attachment.AmazonEKSClusterPolicy",
            "aws_iam_role_policy_attachment.AmazonEKSVPCResourceController",
            "data.aws_availability_zones.available",
            "aws_eks_cluster.cluster",
            "module.vpc.aws_subnet.private",
            "module.vpc.aws_vpc.this",
            "module.vpc.aws_vpc_ipv4_cidr_block_association.this"
          ]
        }
      ]
    },
    {
      "module": "module.vpc",
      "mode": "managed",
      "type": "aws_subnet",
      "name": "private",
      "provider": "provider[\"registry.terraform.io/hashicorp/aws\"]",
      "instances": [
        {
          "index_key": 0,
          "schema_version": 1,
          "attributes": {
            "arn": "arn:aws:ec2:us-east-1:272435851616:subnet/subnet-0584cadd1e3009899",
            "assign_ipv6_address_on_creation": false,
            "availability_zone": "us-east-1a",
            "availability_zone_id": "use1-az1",
            "cidr_block": "10.0.1.0/24",
            "customer_owned_ipv4_pool": "",
            "enable_dns64": false,
            "enable_resource_name_dns_a_record_on_launch": false,
            "enable_resource_name_dns_aaaa_record_on_launch": false,
            "id": "subnet-0584cadd1e3009899",
            "ipv6_cidr_block": "",
            "ipv6_cidr_block_association_id": "",
            "ipv6_native": false,
            "map_customer_owned_ip_on_launch": false,
            "map_public_ip_on_launch": false,
            "outpost_arn": "",
            "owner_id": "272435851616",
            "private_dns_hostname_type_on_launch": "ip-name",
            "tags": {
              "Environment": "prd",
              "Name": "alpha-vpc-private-us-east-1a",
              "Owner": "alpha",
              "Terraform": "true",
              "kubernetes.io/cluster/alpha": "shared",
              "kubernetes.io/role/internal-elb": "1"
            },
            "tags_all": {
              "Environment": "prd",
              "Name": "alpha-vpc-private-us-east-1a",
              "Owner": "alpha",
              "Terraform": "true",
              "kubernetes.io/cluster/alpha": "shared",
              "kubernetes.io/role/internal-elb": "1"
            },
            "timeouts": null,
            "vpc_id": "vpc-03267da790f718890"
          },
          "sensitive_attributes": [],
          "private": "eyJlMmJmYjczMC1lY2FhLTExZTYtOGY4OC0zNDM2M2JjN2M0YzAiOnsiY3JlYXRlIjo2MDAwMDAwMDAwMDAsImRlbGV0ZSI6MTIwMDAwMDAwMDAwMH0sInNjaGVtYV92ZXJzaW9uIjoiMSJ9",
          "dependencies": [
            "data.aws_availability_zones.available",
            "module.vpc.aws_vpc.this",
            "module.vpc.aws_vpc_ipv4_cidr_block_association.this"
          ]
        },
        {
          "index_key": 1,
          "schema_version": 1,
          "attributes": {
            "arn": "arn:aws:ec2:us-east-1:272435851616:subnet/subnet-0b07fa031a39ea871",
            "assign_ipv6_address_on_creation": false,
            "availability_zone": "us-east-1b",
            "availability_zone_id": "use1-az2",
            "cidr_block": "10.0.2.0/24",
            "customer_owned_ipv4_pool": "",
            "enable_dns64": false,
            "enable_resource_name_dns_a_record_on_launch": false,
            "enable_resource_name_dns_aaaa_record_on_launch": false,
            "id": "subnet-0b07fa031a39ea871",
            "ipv6_cidr_block": "",
            "ipv6_cidr_block_association_id": "",
            "ipv6_native": false,
            "map_customer_owned_ip_on_launch": false,
            "map_public_ip_on_launch": false,
            "outpost_arn": "",
            "owner_id": "272435851616",
            "private_dns_hostname_type_on_launch": "ip-name",
            "tags": {
              "Environment": "prd",
              "Name": "alpha-vpc-private-us-east-1b",
              "Owner": "alpha",
              "Terraform": "true",
              "kubernetes.io/cluster/alpha": "shared",
              "kubernetes.io/role/internal-elb": "1"
            },
            "tags_all": {
              "Environment": "prd",
              "Name": "alpha-vpc-private-us-east-1b",
              "Owner": "alpha",
              "Terraform": "true",
              "kubernetes.io/cluster/alpha": "shared",
              "kubernetes.io/role/internal-elb": "1"
            },
            "timeouts": null,
            "vpc_id": "vpc-03267da790f718890"
          },
          "sensitive_attributes": [],
          "private": "eyJlMmJmYjczMC1lY2FhLTExZTYtOGY4OC0zNDM2M2JjN2M0YzAiOnsiY3JlYXRlIjo2MDAwMDAwMDAwMDAsImRlbGV0ZSI6MTIwMDAwMDAwMDAwMH0sInNjaGVtYV92ZXJzaW9uIjoiMSJ9",
          "dependencies": [
            "module.vpc.aws_vpc_ipv4_cidr_block_association.this",
            "data.aws_availability_zones.available",
            "module.vpc.aws_vpc.this"
          ]
        },
        {
          "index_key": 2,
          "schema_version": 1,
          "attributes": {
            "arn": "arn:aws:ec2:us-east-1:272435851616:subnet/subnet-006f12b3cefe455e8",
            "assign_ipv6_address_on_creation": false,
            "availability_zone": "us-east-1c",
            "availability_zone_id": "use1-az4",
            "cidr_block": "10.0.3.0/24",
            "customer_owned_ipv4_pool": "",
            "enable_dns64": false,
            "enable_resource_name_dns_a_record_on_launch": false,
            "enable_resource_name_dns_aaaa_record_on_launch": false,
            "id": "subnet-006f12b3cefe455e8",
            "ipv6_cidr_block": "",
            "ipv6_cidr_block_association_id": "",
            "ipv6_native": false,
            "map_customer_owned_ip_on_launch": false,
            "map_public_ip_on_launch": false,
            "outpost_arn": "",
            "owner_id": "272435851616",
            "private_dns_hostname_type_on_launch": "ip-name",
            "tags": {
              "Environment": "prd",
              "Name": "alpha-vpc-private-us-east-1c",
              "Owner": "alpha",
              "Terraform": "true",
              "kubernetes.io/cluster/alpha": "shared",
              "kubernetes.io/role/internal-elb": "1"
            },
            "tags_all": {
              "Environment": "prd",
              "Name": "alpha-vpc-private-us-east-1c",
              "Owner": "alpha",
              "Terraform": "true",
              "kubernetes.io/cluster/alpha": "shared",
              "kubernetes.io/role/internal-elb": "1"
            },
            "timeouts": null,
            "vpc_id": "vpc-03267da790f718890"
          },
          "sensitive_attributes": [],
          "private": "eyJlMmJmYjczMC1lY2FhLTExZTYtOGY4OC0zNDM2M2JjN2M0YzAiOnsiY3JlYXRlIjo2MDAwMDAwMDAwMDAsImRlbGV0ZSI6MTIwMDAwMDAwMDAwMH0sInNjaGVtYV92ZXJzaW9uIjoiMSJ9",
          "dependencies": [
            "module.vpc.aws_vpc_ipv4_cidr_block_association.this",
            "data.aws_availability_zones.available",
            "module.vpc.aws_vpc.this"
          ]
        }
      ]
    },
    {
      "module": "module.vpc",
      "mode": "managed",
      "type": "aws_vpc",
      "name": "this",
      "provider": "provider[\"registry.terraform.io/hashicorp/aws\"]",
      "instances": [
        {
          "index_key": 0,
          "schema_version": 1,
          "attributes": {
            "arn": "arn:aws:ec2:us-east-1:272435851616:vpc/vpc-03267da790f718890",
            "assign_generated_ipv6_cidr_block": false,
            "cidr_block": "10.0.0.0/16",
            "default_network_acl_id": "acl-0bd6d9c510c66c09b",
            "default_route_table_id": "rtb-0b059777e25eda479",
            "default_security_group_id": "sg-006c8b40b2829934a",
            "dhcp_options_id": "dopt-2a980c50",
            "enable_classiclink": false,
            "enable_classiclink_dns_support": false,
            "enable_dns_hostnames": true,
            "enable_dns_support": true,
            "id": "vpc-03267da790f718890",
            "instance_tenancy": "default",
            "ipv4_ipam_pool_id": null,
            "ipv4_netmask_length": null,
            "ipv6_association_id": "",
            "ipv6_cidr_block": "",
            "ipv6_ipam_pool_id": null,
            "ipv6_netmask_length": null,
            "main_route_table_id": "rtb-0b059777e25eda479",
            "owner_id": "272435851616",
            "tags": {
              "Environment": "prd",
              "Name": "alpha-vpc",
              "Owner": "alpha",
              "Terraform": "true"
            },
            "tags_all": {
              "Environment": "prd",
              "Name": "alpha-vpc",
              "Owner": "alpha",
              "Terraform": "true"
            }
          },
          "sensitive_attributes": [],
          "private": "eyJzY2hlbWFfdmVyc2lvbiI6IjEifQ=="
        }
      ]
    }
  ]
}
